{
  "object": {
    "pins": [
      {
        "package": "CDKOraccInterface",
        "repositoryURL": "https://github.com/ckanchan/CDKOraccInterface.git",
        "state": {
          "branch": "master",
          "revision": "4e8840c1e10f2bed97b95992e94c5e76e7647496",
          "version": null
        }
      },
      {
        "package": "CDKSwiftOracc",
        "repositoryURL": "https://github.com/ckanchan/CDKSwiftOracc.git",
        "state": {
          "branch": "master",
          "revision": "fdcf5c6c7d98d0a06d1783392dea5b73f89692a7",
          "version": null
        }
      },
      {
        "package": "SQLite.swift",
        "repositoryURL": "https://github.com/stephencelis/SQLite.swift.git",
        "state": {
          "branch": "master",
          "revision": "35d30678b376211569efbde702996f77f88a5bb2",
          "version": null
        }
      },
      {
        "package": "ZIPFoundation",
        "repositoryURL": "https://github.com/weichsel/ZIPFoundation/",
        "state": {
          "branch": null,
          "revision": "edbeaa39b426e54702194b0a601342322f01e400",
          "version": "0.9.9"
        }
      }
    ]
  },
  "version": 1
}
