{
  "pins" : [
    {
      "identity" : "cdkoraccinterface",
      "kind" : "remoteSourceControl",
      "location" : "https://github.com/ckanchan/CDKOraccInterface.git",
      "state" : {
        "branch" : "main",
        "revision" : "e25c669bb487a0afc43e0d47148f363d3d211ebf"
      }
    },
    {
      "identity" : "cdkswiftoracc",
      "kind" : "remoteSourceControl",
      "location" : "https://github.com/ckanchan/CDKSwiftOracc.git",
      "state" : {
        "branch" : "main",
        "revision" : "68c41b95ae8687c2f7ee53dfa1f3de20e438f120"
      }
    },
    {
      "identity" : "sqlite.swift",
      "kind" : "remoteSourceControl",
      "location" : "https://github.com/stephencelis/SQLite.swift.git",
      "state" : {
        "branch" : "master",
        "revision" : "926b87da689bc68159298627aa97f20c24ddd2d8"
      }
    },
    {
      "identity" : "zipfoundation",
      "kind" : "remoteSourceControl",
      "location" : "https://github.com/weichsel/ZIPFoundation/",
      "state" : {
        "revision" : "43ec568034b3731101dbf7670765d671c30f54f3",
        "version" : "0.9.16"
      }
    }
  ],
  "version" : 2
}
