{
  "pins" : [
    {
      "identity" : "cdkoraccinterface",
      "kind" : "remoteSourceControl",
      "location" : "https://github.com/ckanchan/CDKOraccInterface.git",
      "state" : {
        "branch" : "main",
        "revision" : "e25c669bb487a0afc43e0d47148f363d3d211ebf"
      }
    },
    {
      "identity" : "cdkswiftoracc",
      "kind" : "remoteSourceControl",
      "location" : "https://github.com/ckanchan/CDKSwiftOracc.git",
      "state" : {
        "branch" : "main",
        "revision" : "93f3acc0f2872301e6bb736d9302084dd792cdd3"
      }
    },
    {
      "identity" : "sqlite.swift",
      "kind" : "remoteSourceControl",
      "location" : "https://github.com/stephencelis/SQLite.swift.git",
      "state" : {
        "branch" : "master",
        "revision" : "35d30678b376211569efbde702996f77f88a5bb2"
      }
    },
    {
      "identity" : "zipfoundation",
      "kind" : "remoteSourceControl",
      "location" : "https://github.com/weichsel/ZIPFoundation/",
      "state" : {
        "revision" : "edbeaa39b426e54702194b0a601342322f01e400",
        "version" : "0.9.9"
      }
    }
  ],
  "version" : 2
}
