// !$*UTF8*$!
{
	archiveVersion = 1;
	classes = {
	};
	objectVersion = 48;
	objects = {

/* Begin PBXBuildFile section */
		540756A1209F96A100EB6942 /* CDKSwiftOracc.framework in Frameworks */ = {isa = PBXBuildFile; fileRef = 5407569F209F96A100EB6942 /* CDKSwiftOracc.framework */; };
		540756A2209F96A100EB6942 /* SQLite.framework in Frameworks */ = {isa = PBXBuildFile; fileRef = 540756A0209F96A100EB6942 /* SQLite.framework */; };
		5418DF0B200F71C7001EE385 /* TextViewController.swift in Sources */ = {isa = PBXBuildFile; fileRef = 5418DF0A200F71C7001EE385 /* TextViewController.swift */; };
		5418DF0F200FD62A001EE385 /* infoViewController.swift in Sources */ = {isa = PBXBuildFile; fileRef = 5418DF0E200FD62A001EE385 /* infoViewController.swift */; };
		5429F7C920448A7E004D6FD2 /* OraccCatalogEntry+CoreSpotlight.swift in Sources */ = {isa = PBXBuildFile; fileRef = 5429F7C820448A7E004D6FD2 /* OraccCatalogEntry+CoreSpotlight.swift */; };
		54317DE8209F618900B157D8 /* SAAO_CompleteGlossary.sqlite3 in Resources */ = {isa = PBXBuildFile; fileRef = 54317DE7209F618900B157D8 /* SAAO_CompleteGlossary.sqlite3 */; };
		54317DE9209F618900B157D8 /* SAAO_CompleteGlossary.sqlite3 in Resources */ = {isa = PBXBuildFile; fileRef = 54317DE7209F618900B157D8 /* SAAO_CompleteGlossary.sqlite3 */; };
		543709AB209F9D8C00CE41F7 /* DejaVuSans.ttf in Resources */ = {isa = PBXBuildFile; fileRef = 543709A9209F9D8C00CE41F7 /* DejaVuSans.ttf */; };
		543709AC209F9D8C00CE41F7 /* CuneiformNA.ttf in Resources */ = {isa = PBXBuildFile; fileRef = 543709AA209F9D8C00CE41F7 /* CuneiformNA.ttf */; };
		543709AE209F9EB300CE41F7 /* UIFontExtensions.swift in Sources */ = {isa = PBXBuildFile; fileRef = 543709AD209F9EB300CE41F7 /* UIFontExtensions.swift */; };
		544138DD2004D27A00A64CB2 /* AppDelegate.swift in Sources */ = {isa = PBXBuildFile; fileRef = 544138DC2004D27A00A64CB2 /* AppDelegate.swift */; };
		544138E12004D27A00A64CB2 /* Assets.xcassets in Resources */ = {isa = PBXBuildFile; fileRef = 544138E02004D27A00A64CB2 /* Assets.xcassets */; };
		544138E42004D27A00A64CB2 /* Main.storyboard in Resources */ = {isa = PBXBuildFile; fileRef = 544138E22004D27A00A64CB2 /* Main.storyboard */; };
		544138F02004D27A00A64CB2 /* SAAOSXTests.swift in Sources */ = {isa = PBXBuildFile; fileRef = 544138EF2004D27A00A64CB2 /* SAAOSXTests.swift */; };
		544D4FFE204196F6009016DA /* SQLiteCatalogue.swift in Sources */ = {isa = PBXBuildFile; fileRef = 544D4FFD204196F6009016DA /* SQLiteCatalogue.swift */; };
		54657A5820A0633F00FAC8E3 /* TextEdition.storyboard in Resources */ = {isa = PBXBuildFile; fileRef = 54657A5720A0633F00FAC8E3 /* TextEdition.storyboard */; };
		54657A5C20A078B100FAC8E3 /* TextStackView.swift in Sources */ = {isa = PBXBuildFile; fileRef = 54657A5B20A078B100FAC8E3 /* TextStackView.swift */; };
		54657A5F20A0C34800FAC8E3 /* InfoTableViewController.swift in Sources */ = {isa = PBXBuildFile; fileRef = 54657A5E20A0C34800FAC8E3 /* InfoTableViewController.swift */; };
		54657A6120A0D6E000FAC8E3 /* OnlineViewController.swift in Sources */ = {isa = PBXBuildFile; fileRef = 54657A6020A0D6E000FAC8E3 /* OnlineViewController.swift */; };
		54657A6320A0DFA500FAC8E3 /* GlossaryTableViewController.swift in Sources */ = {isa = PBXBuildFile; fileRef = 54657A6220A0DFA500FAC8E3 /* GlossaryTableViewController.swift */; };
		547BE620201321670001B8BF /* GlossaryListViewController.swift in Sources */ = {isa = PBXBuildFile; fileRef = 547BE61F201321670001B8BF /* GlossaryListViewController.swift */; };
		547BE62420133BCD0001B8BF /* GlossarySplitViewController.swift in Sources */ = {isa = PBXBuildFile; fileRef = 547BE62320133BCD0001B8BF /* GlossarySplitViewController.swift */; };
		547BE62620133DFD0001B8BF /* GlossaryWindowController.swift in Sources */ = {isa = PBXBuildFile; fileRef = 547BE62520133DFD0001B8BF /* GlossaryWindowController.swift */; };
		547BE628201345830001B8BF /* GlossaryEntryViewController.swift in Sources */ = {isa = PBXBuildFile; fileRef = 547BE627201345830001B8BF /* GlossaryEntryViewController.swift */; };
		5483FB94208D1E8500FADF53 /* ZIPFoundation.framework in Frameworks */ = {isa = PBXBuildFile; fileRef = 5483FB90208D1E8400FADF53 /* ZIPFoundation.framework */; };
		5483FB95208D1E8500FADF53 /* ZIPFoundation.framework in Embed Frameworks */ = {isa = PBXBuildFile; fileRef = 5483FB90208D1E8400FADF53 /* ZIPFoundation.framework */; settings = {ATTRIBUTES = (CodeSignOnCopy, RemoveHeadersOnCopy, ); }; };
		5483FB96208D1E8500FADF53 /* CDKSwiftOracc.framework in Frameworks */ = {isa = PBXBuildFile; fileRef = 5483FB91208D1E8400FADF53 /* CDKSwiftOracc.framework */; };
		5483FB97208D1E8500FADF53 /* CDKSwiftOracc.framework in Embed Frameworks */ = {isa = PBXBuildFile; fileRef = 5483FB91208D1E8400FADF53 /* CDKSwiftOracc.framework */; settings = {ATTRIBUTES = (CodeSignOnCopy, RemoveHeadersOnCopy, ); }; };
		5483FB98208D1E8500FADF53 /* SQLite.framework in Frameworks */ = {isa = PBXBuildFile; fileRef = 5483FB92208D1E8400FADF53 /* SQLite.framework */; };
		5483FB99208D1E8500FADF53 /* SQLite.framework in Embed Frameworks */ = {isa = PBXBuildFile; fileRef = 5483FB92208D1E8400FADF53 /* SQLite.framework */; settings = {ATTRIBUTES = (CodeSignOnCopy, RemoveHeadersOnCopy, ); }; };
		5483FB9A208D1E8500FADF53 /* CDKOraccInterface.framework in Frameworks */ = {isa = PBXBuildFile; fileRef = 5483FB93208D1E8500FADF53 /* CDKOraccInterface.framework */; };
		5483FB9B208D1E8500FADF53 /* CDKOraccInterface.framework in Embed Frameworks */ = {isa = PBXBuildFile; fileRef = 5483FB93208D1E8500FADF53 /* CDKOraccInterface.framework */; settings = {ATTRIBUTES = (CodeSignOnCopy, RemoveHeadersOnCopy, ); }; };
		54884E3F20185627007F7A22 /* QuickSearchResultsViewController.swift in Sources */ = {isa = PBXBuildFile; fileRef = 54884E3E20185627007F7A22 /* QuickSearchResultsViewController.swift */; };
		549832FB209F502F00338470 /* SAA_Lemmatised.sqlite3 in Resources */ = {isa = PBXBuildFile; fileRef = 549832FA209F502F00338470 /* SAA_Lemmatised.sqlite3 */; };
		549832FC209F502F00338470 /* SAA_Lemmatised.sqlite3 in Resources */ = {isa = PBXBuildFile; fileRef = 549832FA209F502F00338470 /* SAA_Lemmatised.sqlite3 */; };
		5498CADB204EAF63004C774A /* AppDelegate.swift in Sources */ = {isa = PBXBuildFile; fileRef = 5498CADA204EAF63004C774A /* AppDelegate.swift */; };
		5498CADD204EAF63004C774A /* ProjectListViewController.swift in Sources */ = {isa = PBXBuildFile; fileRef = 5498CADC204EAF63004C774A /* ProjectListViewController.swift */; };
		5498CADF204EAF63004C774A /* TextEditionViewController.swift in Sources */ = {isa = PBXBuildFile; fileRef = 5498CADE204EAF63004C774A /* TextEditionViewController.swift */; };
		5498CAE2204EAF63004C774A /* Main.storyboard in Resources */ = {isa = PBXBuildFile; fileRef = 5498CAE0204EAF63004C774A /* Main.storyboard */; };
		5498CAE4204EAF63004C774A /* Assets.xcassets in Resources */ = {isa = PBXBuildFile; fileRef = 5498CAE3204EAF63004C774A /* Assets.xcassets */; };
		5498CAE7204EAF63004C774A /* LaunchScreen.storyboard in Resources */ = {isa = PBXBuildFile; fileRef = 5498CAE5204EAF63004C774A /* LaunchScreen.storyboard */; };
		5498CAF7204EB0B8004C774A /* Bookmarks.swift in Sources */ = {isa = PBXBuildFile; fileRef = 54A95218204058D60042E1BA /* Bookmarks.swift */; };
		5498CAF8204EB0B8004C774A /* TextEditionStringContainer.swift in Sources */ = {isa = PBXBuildFile; fileRef = 54A95216204058D60042E1BA /* TextEditionStringContainer.swift */; };
		5498CAF9204EB0B8004C774A /* Catalogue.swift in Sources */ = {isa = PBXBuildFile; fileRef = 54A95217204058D60042E1BA /* Catalogue.swift */; };
		5498CAFA204EB0B8004C774A /* Glossary.swift in Sources */ = {isa = PBXBuildFile; fileRef = 54A95219204058D60042E1BA /* Glossary.swift */; };
		5498CAFB204EB0D1004C774A /* OraccCatalogEntry+CoreSpotlight.swift in Sources */ = {isa = PBXBuildFile; fileRef = 5429F7C820448A7E004D6FD2 /* OraccCatalogEntry+CoreSpotlight.swift */; };
		5498CAFC204EB34B004C774A /* SQLiteCatalogue.swift in Sources */ = {isa = PBXBuildFile; fileRef = 544D4FFD204196F6009016DA /* SQLiteCatalogue.swift */; };
		5498CAFE204EB3AD004C774A /* ViewControllerExtensions.swift in Sources */ = {isa = PBXBuildFile; fileRef = 5498CAFD204EB3AD004C774A /* ViewControllerExtensions.swift */; };
		54A9521A204058D60042E1BA /* TextEditionStringContainer.swift in Sources */ = {isa = PBXBuildFile; fileRef = 54A95216204058D60042E1BA /* TextEditionStringContainer.swift */; };
		54A9521B204058D60042E1BA /* Catalogue.swift in Sources */ = {isa = PBXBuildFile; fileRef = 54A95217204058D60042E1BA /* Catalogue.swift */; };
		54A9521C204058D60042E1BA /* Bookmarks.swift in Sources */ = {isa = PBXBuildFile; fileRef = 54A95218204058D60042E1BA /* Bookmarks.swift */; };
		54A9521D204058D60042E1BA /* Glossary.swift in Sources */ = {isa = PBXBuildFile; fileRef = 54A95219204058D60042E1BA /* Glossary.swift */; };
		54AEE983203A02D800A81B97 /* TextEdition.storyboard in Resources */ = {isa = PBXBuildFile; fileRef = 54AEE982203A02D800A81B97 /* TextEdition.storyboard */; };
		54C91A802017A8C0001AA675 /* Preferences.storyboard in Resources */ = {isa = PBXBuildFile; fileRef = 54C91A7F2017A8C0001AA675 /* Preferences.storyboard */; };
		54C91A822017AAB0001AA675 /* PreferencesViewController.swift in Sources */ = {isa = PBXBuildFile; fileRef = 54C91A812017AAB0001AA675 /* PreferencesViewController.swift */; };
		54C91A842017ABA0001AA675 /* UserDefaultsController.swift in Sources */ = {isa = PBXBuildFile; fileRef = 54C91A832017AB9F001AA675 /* UserDefaultsController.swift */; };
		54C91A882017C743001AA675 /* TextWindowController.swift in Sources */ = {isa = PBXBuildFile; fileRef = 54C91A872017C743001AA675 /* TextWindowController.swift */; };
		54D223F720A0FA09007E88F4 /* CustomKeyboardKeys.swift in Sources */ = {isa = PBXBuildFile; fileRef = 54D223F620A0FA09007E88F4 /* CustomKeyboardKeys.swift */; };
		54D9CD092019C974005498A3 /* Credits.rtf in Resources */ = {isa = PBXBuildFile; fileRef = 54D9CD082019C974005498A3 /* Credits.rtf */; };
		54ED887420109F5C00B10E8F /* InfoSideBarViewController.swift in Sources */ = {isa = PBXBuildFile; fileRef = 54ED887320109F5C00B10E8F /* InfoSideBarViewController.swift */; };
		54FC1EF3200BDA2C00AB364C /* ProjectListViewController.swift in Sources */ = {isa = PBXBuildFile; fileRef = 54FC1EF2200BDA2C00AB364C /* ProjectListViewController.swift */; };
		54FC1EF9200BDF9700AB364C /* ViewControllerExtensions.swift in Sources */ = {isa = PBXBuildFile; fileRef = 54FC1EF8200BDF9700AB364C /* ViewControllerExtensions.swift */; };
		54FC1EFB200C018F00AB364C /* ProjectListWindowController.swift in Sources */ = {isa = PBXBuildFile; fileRef = 54FC1EFA200C018F00AB364C /* ProjectListWindowController.swift */; };
/* End PBXBuildFile section */

/* Begin PBXContainerItemProxy section */
		544138EC2004D27A00A64CB2 /* PBXContainerItemProxy */ = {
			isa = PBXContainerItemProxy;
			containerPortal = 544138D12004D27A00A64CB2 /* Project object */;
			proxyType = 1;
			remoteGlobalIDString = 544138D82004D27A00A64CB2;
			remoteInfo = SAAOSX;
		};
/* End PBXContainerItemProxy section */

/* Begin PBXCopyFilesBuildPhase section */
		5494D8D12042D36C0071756C /* Embed Frameworks */ = {
			isa = PBXCopyFilesBuildPhase;
			buildActionMask = 2147483647;
			dstPath = "";
			dstSubfolderSpec = 10;
			files = (
				5483FB97208D1E8500FADF53 /* CDKSwiftOracc.framework in Embed Frameworks */,
				5483FB95208D1E8500FADF53 /* ZIPFoundation.framework in Embed Frameworks */,
				5483FB9B208D1E8500FADF53 /* CDKOraccInterface.framework in Embed Frameworks */,
				5483FB99208D1E8500FADF53 /* SQLite.framework in Embed Frameworks */,
			);
			name = "Embed Frameworks";
			runOnlyForDeploymentPostprocessing = 0;
		};
/* End PBXCopyFilesBuildPhase section */

/* Begin PBXFileReference section */
		5407569F209F96A100EB6942 /* CDKSwiftOracc.framework */ = {isa = PBXFileReference; lastKnownFileType = wrapper.framework; name = CDKSwiftOracc.framework; path = Carthage/Build/iOS/CDKSwiftOracc.framework; sourceTree = "<group>"; };
		540756A0209F96A100EB6942 /* SQLite.framework */ = {isa = PBXFileReference; lastKnownFileType = wrapper.framework; name = SQLite.framework; path = Carthage/Build/iOS/SQLite.framework; sourceTree = "<group>"; };
		5418DF0A200F71C7001EE385 /* TextViewController.swift */ = {isa = PBXFileReference; lastKnownFileType = sourcecode.swift; path = TextViewController.swift; sourceTree = "<group>"; };
		5418DF0E200FD62A001EE385 /* infoViewController.swift */ = {isa = PBXFileReference; lastKnownFileType = sourcecode.swift; path = infoViewController.swift; sourceTree = "<group>"; };
		5429F7C820448A7E004D6FD2 /* OraccCatalogEntry+CoreSpotlight.swift */ = {isa = PBXFileReference; lastKnownFileType = sourcecode.swift; path = "OraccCatalogEntry+CoreSpotlight.swift"; sourceTree = "<group>"; };
		54317DE7209F618900B157D8 /* SAAO_CompleteGlossary.sqlite3 */ = {isa = PBXFileReference; lastKnownFileType = file; path = SAAO_CompleteGlossary.sqlite3; sourceTree = "<group>"; };
		543709A9209F9D8C00CE41F7 /* DejaVuSans.ttf */ = {isa = PBXFileReference; lastKnownFileType = file; path = DejaVuSans.ttf; sourceTree = "<group>"; };
		543709AA209F9D8C00CE41F7 /* CuneiformNA.ttf */ = {isa = PBXFileReference; lastKnownFileType = file; path = CuneiformNA.ttf; sourceTree = "<group>"; };
		543709AD209F9EB300CE41F7 /* UIFontExtensions.swift */ = {isa = PBXFileReference; lastKnownFileType = sourcecode.swift; path = UIFontExtensions.swift; sourceTree = "<group>"; };
		544138D92004D27A00A64CB2 /* SAAOSX.app */ = {isa = PBXFileReference; explicitFileType = wrapper.application; includeInIndex = 0; path = SAAOSX.app; sourceTree = BUILT_PRODUCTS_DIR; };
		544138DC2004D27A00A64CB2 /* AppDelegate.swift */ = {isa = PBXFileReference; lastKnownFileType = sourcecode.swift; path = AppDelegate.swift; sourceTree = "<group>"; };
		544138E02004D27A00A64CB2 /* Assets.xcassets */ = {isa = PBXFileReference; lastKnownFileType = folder.assetcatalog; path = Assets.xcassets; sourceTree = "<group>"; };
		544138E32004D27A00A64CB2 /* Base */ = {isa = PBXFileReference; lastKnownFileType = file.storyboard; name = Base; path = Base.lproj/Main.storyboard; sourceTree = "<group>"; };
		544138E52004D27A00A64CB2 /* Info.plist */ = {isa = PBXFileReference; lastKnownFileType = text.plist.xml; path = Info.plist; sourceTree = "<group>"; };
		544138EB2004D27A00A64CB2 /* SAAOSXTests.xctest */ = {isa = PBXFileReference; explicitFileType = wrapper.cfbundle; includeInIndex = 0; path = SAAOSXTests.xctest; sourceTree = BUILT_PRODUCTS_DIR; };
		544138EF2004D27A00A64CB2 /* SAAOSXTests.swift */ = {isa = PBXFileReference; lastKnownFileType = sourcecode.swift; path = SAAOSXTests.swift; sourceTree = "<group>"; };
		544138F12004D27A00A64CB2 /* Info.plist */ = {isa = PBXFileReference; lastKnownFileType = text.plist.xml; path = Info.plist; sourceTree = "<group>"; };
		544D4FFD204196F6009016DA /* SQLiteCatalogue.swift */ = {isa = PBXFileReference; lastKnownFileType = sourcecode.swift; path = SQLiteCatalogue.swift; sourceTree = "<group>"; };
		54657A5720A0633F00FAC8E3 /* TextEdition.storyboard */ = {isa = PBXFileReference; fileEncoding = 4; lastKnownFileType = file.storyboard; path = TextEdition.storyboard; sourceTree = "<group>"; };
		54657A5B20A078B100FAC8E3 /* TextStackView.swift */ = {isa = PBXFileReference; lastKnownFileType = sourcecode.swift; path = TextStackView.swift; sourceTree = "<group>"; };
		54657A5E20A0C34800FAC8E3 /* InfoTableViewController.swift */ = {isa = PBXFileReference; lastKnownFileType = sourcecode.swift; path = InfoTableViewController.swift; sourceTree = "<group>"; };
		54657A6020A0D6E000FAC8E3 /* OnlineViewController.swift */ = {isa = PBXFileReference; lastKnownFileType = sourcecode.swift; path = OnlineViewController.swift; sourceTree = "<group>"; };
		54657A6220A0DFA500FAC8E3 /* GlossaryTableViewController.swift */ = {isa = PBXFileReference; lastKnownFileType = sourcecode.swift; path = GlossaryTableViewController.swift; sourceTree = "<group>"; };
		547BE61F201321670001B8BF /* GlossaryListViewController.swift */ = {isa = PBXFileReference; lastKnownFileType = sourcecode.swift; path = GlossaryListViewController.swift; sourceTree = "<group>"; };
		547BE62320133BCD0001B8BF /* GlossarySplitViewController.swift */ = {isa = PBXFileReference; lastKnownFileType = sourcecode.swift; path = GlossarySplitViewController.swift; sourceTree = "<group>"; };
		547BE62520133DFD0001B8BF /* GlossaryWindowController.swift */ = {isa = PBXFileReference; lastKnownFileType = sourcecode.swift; path = GlossaryWindowController.swift; sourceTree = "<group>"; };
		547BE627201345830001B8BF /* GlossaryEntryViewController.swift */ = {isa = PBXFileReference; lastKnownFileType = sourcecode.swift; path = GlossaryEntryViewController.swift; sourceTree = "<group>"; };
		5483FB90208D1E8400FADF53 /* ZIPFoundation.framework */ = {isa = PBXFileReference; lastKnownFileType = wrapper.framework; name = ZIPFoundation.framework; path = Carthage/Build/Mac/ZIPFoundation.framework; sourceTree = "<group>"; };
		5483FB91208D1E8400FADF53 /* CDKSwiftOracc.framework */ = {isa = PBXFileReference; lastKnownFileType = wrapper.framework; name = CDKSwiftOracc.framework; path = Carthage/Build/Mac/CDKSwiftOracc.framework; sourceTree = "<group>"; };
		5483FB92208D1E8400FADF53 /* SQLite.framework */ = {isa = PBXFileReference; lastKnownFileType = wrapper.framework; name = SQLite.framework; path = Carthage/Build/Mac/SQLite.framework; sourceTree = "<group>"; };
		5483FB93208D1E8500FADF53 /* CDKOraccInterface.framework */ = {isa = PBXFileReference; lastKnownFileType = wrapper.framework; name = CDKOraccInterface.framework; path = Carthage/Build/Mac/CDKOraccInterface.framework; sourceTree = "<group>"; };
		54884E3E20185627007F7A22 /* QuickSearchResultsViewController.swift */ = {isa = PBXFileReference; lastKnownFileType = sourcecode.swift; path = QuickSearchResultsViewController.swift; sourceTree = "<group>"; };
		549832FA209F502F00338470 /* SAA_Lemmatised.sqlite3 */ = {isa = PBXFileReference; lastKnownFileType = file; path = SAA_Lemmatised.sqlite3; sourceTree = "<group>"; };
		5498CAD8204EAF63004C774A /* SAAiOS.app */ = {isa = PBXFileReference; explicitFileType = wrapper.application; includeInIndex = 0; path = SAAiOS.app; sourceTree = BUILT_PRODUCTS_DIR; };
		5498CADA204EAF63004C774A /* AppDelegate.swift */ = {isa = PBXFileReference; lastKnownFileType = sourcecode.swift; path = AppDelegate.swift; sourceTree = "<group>"; };
		5498CADC204EAF63004C774A /* ProjectListViewController.swift */ = {isa = PBXFileReference; lastKnownFileType = sourcecode.swift; path = ProjectListViewController.swift; sourceTree = "<group>"; };
		5498CADE204EAF63004C774A /* TextEditionViewController.swift */ = {isa = PBXFileReference; lastKnownFileType = sourcecode.swift; path = TextEditionViewController.swift; sourceTree = "<group>"; };
		5498CAE1204EAF63004C774A /* Base */ = {isa = PBXFileReference; lastKnownFileType = file.storyboard; name = Base; path = Base.lproj/Main.storyboard; sourceTree = "<group>"; };
		5498CAE3204EAF63004C774A /* Assets.xcassets */ = {isa = PBXFileReference; lastKnownFileType = folder.assetcatalog; path = Assets.xcassets; sourceTree = "<group>"; };
		5498CAE6204EAF63004C774A /* Base */ = {isa = PBXFileReference; lastKnownFileType = file.storyboard; name = Base; path = Base.lproj/LaunchScreen.storyboard; sourceTree = "<group>"; };
		5498CAE8204EAF63004C774A /* Info.plist */ = {isa = PBXFileReference; lastKnownFileType = text.plist.xml; path = Info.plist; sourceTree = "<group>"; };
		5498CAFD204EB3AD004C774A /* ViewControllerExtensions.swift */ = {isa = PBXFileReference; lastKnownFileType = sourcecode.swift; path = ViewControllerExtensions.swift; sourceTree = "<group>"; };
		54A95216204058D60042E1BA /* TextEditionStringContainer.swift */ = {isa = PBXFileReference; fileEncoding = 4; lastKnownFileType = sourcecode.swift; path = TextEditionStringContainer.swift; sourceTree = "<group>"; };
		54A95217204058D60042E1BA /* Catalogue.swift */ = {isa = PBXFileReference; fileEncoding = 4; lastKnownFileType = sourcecode.swift; path = Catalogue.swift; sourceTree = "<group>"; };
		54A95218204058D60042E1BA /* Bookmarks.swift */ = {isa = PBXFileReference; fileEncoding = 4; lastKnownFileType = sourcecode.swift; path = Bookmarks.swift; sourceTree = "<group>"; };
		54A95219204058D60042E1BA /* Glossary.swift */ = {isa = PBXFileReference; fileEncoding = 4; lastKnownFileType = sourcecode.swift; path = Glossary.swift; sourceTree = "<group>"; };
		54AEE982203A02D800A81B97 /* TextEdition.storyboard */ = {isa = PBXFileReference; fileEncoding = 4; lastKnownFileType = file.storyboard; path = TextEdition.storyboard; sourceTree = "<group>"; };
		54C91A7F2017A8C0001AA675 /* Preferences.storyboard */ = {isa = PBXFileReference; lastKnownFileType = file.storyboard; path = Preferences.storyboard; sourceTree = "<group>"; };
		54C91A812017AAB0001AA675 /* PreferencesViewController.swift */ = {isa = PBXFileReference; lastKnownFileType = sourcecode.swift; path = PreferencesViewController.swift; sourceTree = "<group>"; };
		54C91A832017AB9F001AA675 /* UserDefaultsController.swift */ = {isa = PBXFileReference; lastKnownFileType = sourcecode.swift; path = UserDefaultsController.swift; sourceTree = "<group>"; };
		54C91A872017C743001AA675 /* TextWindowController.swift */ = {isa = PBXFileReference; lastKnownFileType = sourcecode.swift; path = TextWindowController.swift; sourceTree = "<group>"; };
		54D223F620A0FA09007E88F4 /* CustomKeyboardKeys.swift */ = {isa = PBXFileReference; lastKnownFileType = sourcecode.swift; path = CustomKeyboardKeys.swift; sourceTree = "<group>"; };
		54D9CD082019C974005498A3 /* Credits.rtf */ = {isa = PBXFileReference; lastKnownFileType = text.rtf; path = Credits.rtf; sourceTree = "<group>"; };
		54D9CD0A2019CF8E005498A3 /* SAAOSX.entitlements */ = {isa = PBXFileReference; lastKnownFileType = text.plist.entitlements; path = SAAOSX.entitlements; sourceTree = "<group>"; };
		54ED887320109F5C00B10E8F /* InfoSideBarViewController.swift */ = {isa = PBXFileReference; lastKnownFileType = sourcecode.swift; path = InfoSideBarViewController.swift; sourceTree = "<group>"; };
		54FC1EF2200BDA2C00AB364C /* ProjectListViewController.swift */ = {isa = PBXFileReference; lastKnownFileType = sourcecode.swift; path = ProjectListViewController.swift; sourceTree = "<group>"; };
		54FC1EF8200BDF9700AB364C /* ViewControllerExtensions.swift */ = {isa = PBXFileReference; lastKnownFileType = sourcecode.swift; path = ViewControllerExtensions.swift; sourceTree = "<group>"; };
		54FC1EFA200C018F00AB364C /* ProjectListWindowController.swift */ = {isa = PBXFileReference; lastKnownFileType = sourcecode.swift; path = ProjectListWindowController.swift; sourceTree = "<group>"; };
/* End PBXFileReference section */

/* Begin PBXFrameworksBuildPhase section */
		544138D62004D27A00A64CB2 /* Frameworks */ = {
			isa = PBXFrameworksBuildPhase;
			buildActionMask = 2147483647;
			files = (
				5483FB96208D1E8500FADF53 /* CDKSwiftOracc.framework in Frameworks */,
				5483FB94208D1E8500FADF53 /* ZIPFoundation.framework in Frameworks */,
				5483FB9A208D1E8500FADF53 /* CDKOraccInterface.framework in Frameworks */,
				5483FB98208D1E8500FADF53 /* SQLite.framework in Frameworks */,
			);
			runOnlyForDeploymentPostprocessing = 0;
		};
		544138E82004D27A00A64CB2 /* Frameworks */ = {
			isa = PBXFrameworksBuildPhase;
			buildActionMask = 2147483647;
			files = (
			);
			runOnlyForDeploymentPostprocessing = 0;
		};
		5498CAD5204EAF63004C774A /* Frameworks */ = {
			isa = PBXFrameworksBuildPhase;
			buildActionMask = 2147483647;
			files = (
				540756A1209F96A100EB6942 /* CDKSwiftOracc.framework in Frameworks */,
				540756A2209F96A100EB6942 /* SQLite.framework in Frameworks */,
			);
			runOnlyForDeploymentPostprocessing = 0;
		};
/* End PBXFrameworksBuildPhase section */

/* Begin PBXGroup section */
		543709A8209F9D4100CE41F7 /* Fonts */ = {
			isa = PBXGroup;
			children = (
				543709AA209F9D8C00CE41F7 /* CuneiformNA.ttf */,
				543709A9209F9D8C00CE41F7 /* DejaVuSans.ttf */,
			);
			path = Fonts;
			sourceTree = "<group>";
		};
		544138D02004D27A00A64CB2 = {
			isa = PBXGroup;
			children = (
				5483FB93208D1E8500FADF53 /* CDKOraccInterface.framework */,
				5483FB91208D1E8400FADF53 /* CDKSwiftOracc.framework */,
				5483FB92208D1E8400FADF53 /* SQLite.framework */,
				5483FB90208D1E8400FADF53 /* ZIPFoundation.framework */,
				54A9520B204058C40042E1BA /* OraccCommon */,
				544138DB2004D27A00A64CB2 /* SAAOSX */,
				544138EE2004D27A00A64CB2 /* SAAOSXTests */,
				543709A8209F9D4100CE41F7 /* Fonts */,
				5498CAD9204EAF63004C774A /* SAAiOS */,
				544138DA2004D27A00A64CB2 /* Products */,
				5441390A2004D30A00A64CB2 /* Frameworks */,
			);
			sourceTree = "<group>";
		};
		544138DA2004D27A00A64CB2 /* Products */ = {
			isa = PBXGroup;
			children = (
				544138D92004D27A00A64CB2 /* SAAOSX.app */,
				544138EB2004D27A00A64CB2 /* SAAOSXTests.xctest */,
				5498CAD8204EAF63004C774A /* SAAiOS.app */,
			);
			name = Products;
			sourceTree = "<group>";
		};
		544138DB2004D27A00A64CB2 /* SAAOSX */ = {
			isa = PBXGroup;
			children = (
				549832FA209F502F00338470 /* SAA_Lemmatised.sqlite3 */,
				54317DE7209F618900B157D8 /* SAAO_CompleteGlossary.sqlite3 */,
				54AEE982203A02D800A81B97 /* TextEdition.storyboard */,
				544138E22004D27A00A64CB2 /* Main.storyboard */,
				54C91A7F2017A8C0001AA675 /* Preferences.storyboard */,
				54737B3920387C450030F71D /* Project */,
				54737B3820387C0E0030F71D /* TextEdition */,
				54737B3620387B7A0030F71D /* Glossary */,
				54D9CD0A2019CF8E005498A3 /* SAAOSX.entitlements */,
				544138E02004D27A00A64CB2 /* Assets.xcassets */,
				54FC1EF8200BDF9700AB364C /* ViewControllerExtensions.swift */,
				544138DC2004D27A00A64CB2 /* AppDelegate.swift */,
				54C91A812017AAB0001AA675 /* PreferencesViewController.swift */,
				54C91A832017AB9F001AA675 /* UserDefaultsController.swift */,
				544138E52004D27A00A64CB2 /* Info.plist */,
				54D9CD082019C974005498A3 /* Credits.rtf */,
			);
			path = SAAOSX;
			sourceTree = "<group>";
		};
		544138EE2004D27A00A64CB2 /* SAAOSXTests */ = {
			isa = PBXGroup;
			children = (
				544138EF2004D27A00A64CB2 /* SAAOSXTests.swift */,
				544138F12004D27A00A64CB2 /* Info.plist */,
			);
			path = SAAOSXTests;
			sourceTree = "<group>";
		};
		5441390A2004D30A00A64CB2 /* Frameworks */ = {
			isa = PBXGroup;
			children = (
				5407569F209F96A100EB6942 /* CDKSwiftOracc.framework */,
				540756A0209F96A100EB6942 /* SQLite.framework */,
			);
			name = Frameworks;
			sourceTree = "<group>";
		};
		54657A5D20A0C0FC00FAC8E3 /* Glossary */ = {
			isa = PBXGroup;
			children = (
				54657A6220A0DFA500FAC8E3 /* GlossaryTableViewController.swift */,
			);
			path = Glossary;
			sourceTree = "<group>";
		};
		54737B3620387B7A0030F71D /* Glossary */ = {
			isa = PBXGroup;
			children = (
				547BE62520133DFD0001B8BF /* GlossaryWindowController.swift */,
				547BE62320133BCD0001B8BF /* GlossarySplitViewController.swift */,
				547BE61F201321670001B8BF /* GlossaryListViewController.swift */,
				547BE627201345830001B8BF /* GlossaryEntryViewController.swift */,
			);
			path = Glossary;
			sourceTree = "<group>";
		};
		54737B3820387C0E0030F71D /* TextEdition */ = {
			isa = PBXGroup;
			children = (
				54C91A872017C743001AA675 /* TextWindowController.swift */,
				5418DF0A200F71C7001EE385 /* TextViewController.swift */,
				54884E3E20185627007F7A22 /* QuickSearchResultsViewController.swift */,
				5418DF0E200FD62A001EE385 /* infoViewController.swift */,
			);
			path = TextEdition;
			sourceTree = "<group>";
		};
		54737B3920387C450030F71D /* Project */ = {
			isa = PBXGroup;
			children = (
				54FC1EFA200C018F00AB364C /* ProjectListWindowController.swift */,
				54FC1EF2200BDA2C00AB364C /* ProjectListViewController.swift */,
				54ED887320109F5C00B10E8F /* InfoSideBarViewController.swift */,
			);
			path = Project;
			sourceTree = "<group>";
		};
		547BEB35209FA8C000C42007 /* TextEdition */ = {
			isa = PBXGroup;
			children = (
				54657A5720A0633F00FAC8E3 /* TextEdition.storyboard */,
				54657A5E20A0C34800FAC8E3 /* InfoTableViewController.swift */,
				54657A6020A0D6E000FAC8E3 /* OnlineViewController.swift */,
				5498CADE204EAF63004C774A /* TextEditionViewController.swift */,
				54657A5B20A078B100FAC8E3 /* TextStackView.swift */,
			);
			path = TextEdition;
			sourceTree = "<group>";
		};
		5498CAD9204EAF63004C774A /* SAAiOS */ = {
			isa = PBXGroup;
			children = (
				54657A5D20A0C0FC00FAC8E3 /* Glossary */,
				547BEB35209FA8C000C42007 /* TextEdition */,
				5498CADA204EAF63004C774A /* AppDelegate.swift */,
				5498CADC204EAF63004C774A /* ProjectListViewController.swift */,
				543709AD209F9EB300CE41F7 /* UIFontExtensions.swift */,
				5498CAFD204EB3AD004C774A /* ViewControllerExtensions.swift */,
				5498CAE0204EAF63004C774A /* Main.storyboard */,
				5498CAE3204EAF63004C774A /* Assets.xcassets */,
				5498CAE5204EAF63004C774A /* LaunchScreen.storyboard */,
				5498CAE8204EAF63004C774A /* Info.plist */,
				54D223F620A0FA09007E88F4 /* CustomKeyboardKeys.swift */,
			);
			path = SAAiOS;
			sourceTree = "<group>";
		};
		54A9520B204058C40042E1BA /* OraccCommon */ = {
			isa = PBXGroup;
			children = (
				54A95218204058D60042E1BA /* Bookmarks.swift */,
				54A95216204058D60042E1BA /* TextEditionStringContainer.swift */,
				54A95217204058D60042E1BA /* Catalogue.swift */,
				54A95219204058D60042E1BA /* Glossary.swift */,
				5429F7C820448A7E004D6FD2 /* OraccCatalogEntry+CoreSpotlight.swift */,
				544D4FFD204196F6009016DA /* SQLiteCatalogue.swift */,
			);
			name = OraccCommon;
			path = SAAOSX;
			sourceTree = "<group>";
		};
/* End PBXGroup section */

/* Begin PBXNativeTarget section */
		544138D82004D27A00A64CB2 /* SAAOSX */ = {
			isa = PBXNativeTarget;
			buildConfigurationList = 544138F42004D27A00A64CB2 /* Build configuration list for PBXNativeTarget "SAAOSX" */;
			buildPhases = (
				544138D62004D27A00A64CB2 /* Frameworks */,
				544138D52004D27A00A64CB2 /* Sources */,
				544138D72004D27A00A64CB2 /* Resources */,
				5494D8D12042D36C0071756C /* Embed Frameworks */,
			);
			buildRules = (
			);
			dependencies = (
			);
			name = SAAOSX;
			productName = SAAOSX;
			productReference = 544138D92004D27A00A64CB2 /* SAAOSX.app */;
			productType = "com.apple.product-type.application";
		};
		544138EA2004D27A00A64CB2 /* SAAOSXTests */ = {
			isa = PBXNativeTarget;
			buildConfigurationList = 544138F72004D27A00A64CB2 /* Build configuration list for PBXNativeTarget "SAAOSXTests" */;
			buildPhases = (
				544138E72004D27A00A64CB2 /* Sources */,
				544138E82004D27A00A64CB2 /* Frameworks */,
				544138E92004D27A00A64CB2 /* Resources */,
			);
			buildRules = (
			);
			dependencies = (
				544138ED2004D27A00A64CB2 /* PBXTargetDependency */,
			);
			name = SAAOSXTests;
			productName = SAAOSXTests;
			productReference = 544138EB2004D27A00A64CB2 /* SAAOSXTests.xctest */;
			productType = "com.apple.product-type.bundle.unit-test";
		};
		5498CAD7204EAF63004C774A /* SAAiOS */ = {
			isa = PBXNativeTarget;
			buildConfigurationList = 5498CAEB204EAF63004C774A /* Build configuration list for PBXNativeTarget "SAAiOS" */;
			buildPhases = (
				540756A3209F96D100EB6942 /* ShellScript */,
				5498CAD4204EAF63004C774A /* Sources */,
				5498CAD5204EAF63004C774A /* Frameworks */,
				5498CAD6204EAF63004C774A /* Resources */,
			);
			buildRules = (
			);
			dependencies = (
			);
			name = SAAiOS;
			productName = SAAiOS;
			productReference = 5498CAD8204EAF63004C774A /* SAAiOS.app */;
			productType = "com.apple.product-type.application";
		};
/* End PBXNativeTarget section */

/* Begin PBXProject section */
		544138D12004D27A00A64CB2 /* Project object */ = {
			isa = PBXProject;
			attributes = {
				LastSwiftUpdateCheck = 0920;
				LastUpgradeCheck = 0930;
				ORGANIZATIONNAME = "Chaitanya Kanchan";
				TargetAttributes = {
					544138D82004D27A00A64CB2 = {
						CreatedOnToolsVersion = 9.2;
						ProvisioningStyle = Automatic;
						SystemCapabilities = {
							com.apple.Sandbox = {
								enabled = 0;
							};
						};
					};
					544138EA2004D27A00A64CB2 = {
						CreatedOnToolsVersion = 9.2;
						ProvisioningStyle = Automatic;
						TestTargetID = 544138D82004D27A00A64CB2;
					};
					5498CAD7204EAF63004C774A = {
						CreatedOnToolsVersion = 9.2;
						ProvisioningStyle = Automatic;
					};
				};
			};
			buildConfigurationList = 544138D42004D27A00A64CB2 /* Build configuration list for PBXProject "SAAOSX" */;
			compatibilityVersion = "Xcode 8.0";
			developmentRegion = en;
			hasScannedForEncodings = 0;
			knownRegions = (
				en,
				Base,
			);
			mainGroup = 544138D02004D27A00A64CB2;
			productRefGroup = 544138DA2004D27A00A64CB2 /* Products */;
			projectDirPath = "";
			projectRoot = "";
			targets = (
				544138D82004D27A00A64CB2 /* SAAOSX */,
				544138EA2004D27A00A64CB2 /* SAAOSXTests */,
				5498CAD7204EAF63004C774A /* SAAiOS */,
			);
		};
/* End PBXProject section */

/* Begin PBXResourcesBuildPhase section */
		544138D72004D27A00A64CB2 /* Resources */ = {
			isa = PBXResourcesBuildPhase;
			buildActionMask = 2147483647;
			files = (
				54C91A802017A8C0001AA675 /* Preferences.storyboard in Resources */,
				549832FB209F502F00338470 /* SAA_Lemmatised.sqlite3 in Resources */,
				544138E12004D27A00A64CB2 /* Assets.xcassets in Resources */,
				544138E42004D27A00A64CB2 /* Main.storyboard in Resources */,
				54AEE983203A02D800A81B97 /* TextEdition.storyboard in Resources */,
				54D9CD092019C974005498A3 /* Credits.rtf in Resources */,
				54317DE8209F618900B157D8 /* SAAO_CompleteGlossary.sqlite3 in Resources */,
			);
			runOnlyForDeploymentPostprocessing = 0;
		};
		544138E92004D27A00A64CB2 /* Resources */ = {
			isa = PBXResourcesBuildPhase;
			buildActionMask = 2147483647;
			files = (
			);
			runOnlyForDeploymentPostprocessing = 0;
		};
		5498CAD6204EAF63004C774A /* Resources */ = {
			isa = PBXResourcesBuildPhase;
			buildActionMask = 2147483647;
			files = (
				5498CAE7204EAF63004C774A /* LaunchScreen.storyboard in Resources */,
				54317DE9209F618900B157D8 /* SAAO_CompleteGlossary.sqlite3 in Resources */,
				543709AB209F9D8C00CE41F7 /* DejaVuSans.ttf in Resources */,
				5498CAE4204EAF63004C774A /* Assets.xcassets in Resources */,
				549832FC209F502F00338470 /* SAA_Lemmatised.sqlite3 in Resources */,
				5498CAE2204EAF63004C774A /* Main.storyboard in Resources */,
				54657A5820A0633F00FAC8E3 /* TextEdition.storyboard in Resources */,
				543709AC209F9D8C00CE41F7 /* CuneiformNA.ttf in Resources */,
			);
			runOnlyForDeploymentPostprocessing = 0;
		};
/* End PBXResourcesBuildPhase section */

/* Begin PBXShellScriptBuildPhase section */
		540756A3209F96D100EB6942 /* ShellScript */ = {
			isa = PBXShellScriptBuildPhase;
			buildActionMask = 2147483647;
			files = (
			);
			inputPaths = (
				"$(SRCROOT)/Carthage/Build/iOS/CDKSwiftOracc.framework",
				"$(SRCROOT)/Carthage/Build/iOS/SQLite.framework",
			);
			outputPaths = (
				"$(BUILT_PRODUCTS_DIR)/$(FRAMEWORKS_FOLDER_PATH)/CDKSwiftOracc.framework",
				"$(BUILT_PRODUCTS_DIR)/$(FRAMEWORKS_FOLDER_PATH)/SQLite.framework",
			);
			runOnlyForDeploymentPostprocessing = 0;
			shellPath = /usr/local/bin/fish;
			shellScript = "/usr/local/bin/carthage copy-frameworks";
		};
/* End PBXShellScriptBuildPhase section */

/* Begin PBXSourcesBuildPhase section */
		544138D52004D27A00A64CB2 /* Sources */ = {
			isa = PBXSourcesBuildPhase;
			buildActionMask = 2147483647;
			files = (
				54ED887420109F5C00B10E8F /* InfoSideBarViewController.swift in Sources */,
				547BE620201321670001B8BF /* GlossaryListViewController.swift in Sources */,
				547BE62420133BCD0001B8BF /* GlossarySplitViewController.swift in Sources */,
				54A9521D204058D60042E1BA /* Glossary.swift in Sources */,
				54A9521B204058D60042E1BA /* Catalogue.swift in Sources */,
				547BE628201345830001B8BF /* GlossaryEntryViewController.swift in Sources */,
				5418DF0F200FD62A001EE385 /* infoViewController.swift in Sources */,
				54FC1EFB200C018F00AB364C /* ProjectListWindowController.swift in Sources */,
				54C91A882017C743001AA675 /* TextWindowController.swift in Sources */,
				544138DD2004D27A00A64CB2 /* AppDelegate.swift in Sources */,
				54A9521A204058D60042E1BA /* TextEditionStringContainer.swift in Sources */,
				54C91A822017AAB0001AA675 /* PreferencesViewController.swift in Sources */,
				544D4FFE204196F6009016DA /* SQLiteCatalogue.swift in Sources */,
				54FC1EF9200BDF9700AB364C /* ViewControllerExtensions.swift in Sources */,
				54A9521C204058D60042E1BA /* Bookmarks.swift in Sources */,
				54C91A842017ABA0001AA675 /* UserDefaultsController.swift in Sources */,
				547BE62620133DFD0001B8BF /* GlossaryWindowController.swift in Sources */,
				54FC1EF3200BDA2C00AB364C /* ProjectListViewController.swift in Sources */,
				5418DF0B200F71C7001EE385 /* TextViewController.swift in Sources */,
				5429F7C920448A7E004D6FD2 /* OraccCatalogEntry+CoreSpotlight.swift in Sources */,
				54884E3F20185627007F7A22 /* QuickSearchResultsViewController.swift in Sources */,
			);
			runOnlyForDeploymentPostprocessing = 0;
		};
		544138E72004D27A00A64CB2 /* Sources */ = {
			isa = PBXSourcesBuildPhase;
			buildActionMask = 2147483647;
			files = (
				544138F02004D27A00A64CB2 /* SAAOSXTests.swift in Sources */,
			);
			runOnlyForDeploymentPostprocessing = 0;
		};
		5498CAD4204EAF63004C774A /* Sources */ = {
			isa = PBXSourcesBuildPhase;
			buildActionMask = 2147483647;
			files = (
				54657A5C20A078B100FAC8E3 /* TextStackView.swift in Sources */,
				54657A6120A0D6E000FAC8E3 /* OnlineViewController.swift in Sources */,
				5498CAFA204EB0B8004C774A /* Glossary.swift in Sources */,
				5498CADF204EAF63004C774A /* TextEditionViewController.swift in Sources */,
				54657A6320A0DFA500FAC8E3 /* GlossaryTableViewController.swift in Sources */,
				5498CAF9204EB0B8004C774A /* Catalogue.swift in Sources */,
				5498CAF7204EB0B8004C774A /* Bookmarks.swift in Sources */,
				543709AE209F9EB300CE41F7 /* UIFontExtensions.swift in Sources */,
				5498CAF8204EB0B8004C774A /* TextEditionStringContainer.swift in Sources */,
				5498CADD204EAF63004C774A /* ProjectListViewController.swift in Sources */,
				5498CAFC204EB34B004C774A /* SQLiteCatalogue.swift in Sources */,
				54D223F720A0FA09007E88F4 /* CustomKeyboardKeys.swift in Sources */,
				5498CADB204EAF63004C774A /* AppDelegate.swift in Sources */,
				54657A5F20A0C34800FAC8E3 /* InfoTableViewController.swift in Sources */,
				5498CAFE204EB3AD004C774A /* ViewControllerExtensions.swift in Sources */,
				5498CAFB204EB0D1004C774A /* OraccCatalogEntry+CoreSpotlight.swift in Sources */,
			);
			runOnlyForDeploymentPostprocessing = 0;
		};
/* End PBXSourcesBuildPhase section */

/* Begin PBXTargetDependency section */
		544138ED2004D27A00A64CB2 /* PBXTargetDependency */ = {
			isa = PBXTargetDependency;
			target = 544138D82004D27A00A64CB2 /* SAAOSX */;
			targetProxy = 544138EC2004D27A00A64CB2 /* PBXContainerItemProxy */;
		};
/* End PBXTargetDependency section */

/* Begin PBXVariantGroup section */
		544138E22004D27A00A64CB2 /* Main.storyboard */ = {
			isa = PBXVariantGroup;
			children = (
				544138E32004D27A00A64CB2 /* Base */,
			);
			name = Main.storyboard;
			sourceTree = "<group>";
		};
		5498CAE0204EAF63004C774A /* Main.storyboard */ = {
			isa = PBXVariantGroup;
			children = (
				5498CAE1204EAF63004C774A /* Base */,
			);
			name = Main.storyboard;
			sourceTree = "<group>";
		};
		5498CAE5204EAF63004C774A /* LaunchScreen.storyboard */ = {
			isa = PBXVariantGroup;
			children = (
				5498CAE6204EAF63004C774A /* Base */,
			);
			name = LaunchScreen.storyboard;
			sourceTree = "<group>";
		};
/* End PBXVariantGroup section */

/* Begin XCBuildConfiguration section */
		544138F22004D27A00A64CB2 /* Debug */ = {
			isa = XCBuildConfiguration;
			buildSettings = {
				ALWAYS_SEARCH_USER_PATHS = NO;
				CLANG_ANALYZER_NONNULL = YES;
				CLANG_ANALYZER_NUMBER_OBJECT_CONVERSION = YES_AGGRESSIVE;
				CLANG_CXX_LANGUAGE_STANDARD = "gnu++14";
				CLANG_CXX_LIBRARY = "libc++";
				CLANG_ENABLE_MODULES = YES;
				CLANG_ENABLE_OBJC_ARC = YES;
				CLANG_WARN_BLOCK_CAPTURE_AUTORELEASING = YES;
				CLANG_WARN_BOOL_CONVERSION = YES;
				CLANG_WARN_COMMA = YES;
				CLANG_WARN_CONSTANT_CONVERSION = YES;
				CLANG_WARN_DEPRECATED_OBJC_IMPLEMENTATIONS = YES;
				CLANG_WARN_DIRECT_OBJC_ISA_USAGE = YES_ERROR;
				CLANG_WARN_DOCUMENTATION_COMMENTS = YES;
				CLANG_WARN_EMPTY_BODY = YES;
				CLANG_WARN_ENUM_CONVERSION = YES;
				CLANG_WARN_INFINITE_RECURSION = YES;
				CLANG_WARN_INT_CONVERSION = YES;
				CLANG_WARN_NON_LITERAL_NULL_CONVERSION = YES;
				CLANG_WARN_OBJC_IMPLICIT_RETAIN_SELF = YES;
				CLANG_WARN_OBJC_LITERAL_CONVERSION = YES;
				CLANG_WARN_OBJC_ROOT_CLASS = YES_ERROR;
				CLANG_WARN_RANGE_LOOP_ANALYSIS = YES;
				CLANG_WARN_STRICT_PROTOTYPES = YES;
				CLANG_WARN_SUSPICIOUS_MOVE = YES;
				CLANG_WARN_UNGUARDED_AVAILABILITY = YES_AGGRESSIVE;
				CLANG_WARN_UNREACHABLE_CODE = YES;
				CLANG_WARN__DUPLICATE_METHOD_MATCH = YES;
				CODE_SIGN_IDENTITY = "";
				COPY_PHASE_STRIP = NO;
				DEBUG_INFORMATION_FORMAT = dwarf;
				ENABLE_STRICT_OBJC_MSGSEND = YES;
				ENABLE_TESTABILITY = YES;
				GCC_C_LANGUAGE_STANDARD = gnu11;
				GCC_DYNAMIC_NO_PIC = NO;
				GCC_NO_COMMON_BLOCKS = YES;
				GCC_OPTIMIZATION_LEVEL = 0;
				GCC_PREPROCESSOR_DEFINITIONS = (
					"DEBUG=1",
					"$(inherited)",
				);
				GCC_WARN_64_TO_32_BIT_CONVERSION = YES;
				GCC_WARN_ABOUT_RETURN_TYPE = YES_ERROR;
				GCC_WARN_UNDECLARED_SELECTOR = YES;
				GCC_WARN_UNINITIALIZED_AUTOS = YES_AGGRESSIVE;
				GCC_WARN_UNUSED_FUNCTION = YES;
				GCC_WARN_UNUSED_VARIABLE = YES;
				MACOSX_DEPLOYMENT_TARGET = 10.13;
				MTL_ENABLE_DEBUG_INFO = YES;
				ONLY_ACTIVE_ARCH = YES;
				SDKROOT = macosx;
				SWIFT_ACTIVE_COMPILATION_CONDITIONS = DEBUG;
				SWIFT_OPTIMIZATION_LEVEL = "-Onone";
			};
			name = Debug;
		};
		544138F32004D27A00A64CB2 /* Release */ = {
			isa = XCBuildConfiguration;
			buildSettings = {
				ALWAYS_SEARCH_USER_PATHS = NO;
				CLANG_ANALYZER_NONNULL = YES;
				CLANG_ANALYZER_NUMBER_OBJECT_CONVERSION = YES_AGGRESSIVE;
				CLANG_CXX_LANGUAGE_STANDARD = "gnu++14";
				CLANG_CXX_LIBRARY = "libc++";
				CLANG_ENABLE_MODULES = YES;
				CLANG_ENABLE_OBJC_ARC = YES;
				CLANG_WARN_BLOCK_CAPTURE_AUTORELEASING = YES;
				CLANG_WARN_BOOL_CONVERSION = YES;
				CLANG_WARN_COMMA = YES;
				CLANG_WARN_CONSTANT_CONVERSION = YES;
				CLANG_WARN_DEPRECATED_OBJC_IMPLEMENTATIONS = YES;
				CLANG_WARN_DIRECT_OBJC_ISA_USAGE = YES_ERROR;
				CLANG_WARN_DOCUMENTATION_COMMENTS = YES;
				CLANG_WARN_EMPTY_BODY = YES;
				CLANG_WARN_ENUM_CONVERSION = YES;
				CLANG_WARN_INFINITE_RECURSION = YES;
				CLANG_WARN_INT_CONVERSION = YES;
				CLANG_WARN_NON_LITERAL_NULL_CONVERSION = YES;
				CLANG_WARN_OBJC_IMPLICIT_RETAIN_SELF = YES;
				CLANG_WARN_OBJC_LITERAL_CONVERSION = YES;
				CLANG_WARN_OBJC_ROOT_CLASS = YES_ERROR;
				CLANG_WARN_RANGE_LOOP_ANALYSIS = YES;
				CLANG_WARN_STRICT_PROTOTYPES = YES;
				CLANG_WARN_SUSPICIOUS_MOVE = YES;
				CLANG_WARN_UNGUARDED_AVAILABILITY = YES_AGGRESSIVE;
				CLANG_WARN_UNREACHABLE_CODE = YES;
				CLANG_WARN__DUPLICATE_METHOD_MATCH = YES;
				CODE_SIGN_IDENTITY = "";
				COPY_PHASE_STRIP = NO;
				DEBUG_INFORMATION_FORMAT = "dwarf-with-dsym";
				ENABLE_NS_ASSERTIONS = NO;
				ENABLE_STRICT_OBJC_MSGSEND = YES;
				GCC_C_LANGUAGE_STANDARD = gnu11;
				GCC_NO_COMMON_BLOCKS = YES;
				GCC_WARN_64_TO_32_BIT_CONVERSION = YES;
				GCC_WARN_ABOUT_RETURN_TYPE = YES_ERROR;
				GCC_WARN_UNDECLARED_SELECTOR = YES;
				GCC_WARN_UNINITIALIZED_AUTOS = YES_AGGRESSIVE;
				GCC_WARN_UNUSED_FUNCTION = YES;
				GCC_WARN_UNUSED_VARIABLE = YES;
				MACOSX_DEPLOYMENT_TARGET = 10.13;
				MTL_ENABLE_DEBUG_INFO = NO;
				SDKROOT = macosx;
				SWIFT_OPTIMIZATION_LEVEL = "-Owholemodule";
			};
			name = Release;
		};
		544138F52004D27A00A64CB2 /* Debug */ = {
			isa = XCBuildConfiguration;
			buildSettings = {
				ASSETCATALOG_COMPILER_APPICON_NAME = AppIcon;
				CLANG_ENABLE_MODULES = YES;
				CODE_SIGN_IDENTITY = "Mac Developer";
				CODE_SIGN_STYLE = Automatic;
				COMBINE_HIDPI_IMAGES = YES;
				DEVELOPMENT_TEAM = E5EXHV7YGE;
				FRAMEWORK_SEARCH_PATHS = (
					"$(inherited)",
					"$(PROJECT_DIR)",
					"$(PROJECT_DIR)/Carthage/Build/Mac",
				);
				INFOPLIST_FILE = SAAOSX/Info.plist;
				LD_RUNPATH_SEARCH_PATHS = "$(inherited) @executable_path/../Frameworks";
				PRODUCT_BUNDLE_IDENTIFIER = com.ckprivate.2017.SAAOSX;
				PRODUCT_NAME = "$(TARGET_NAME)";
				PROVISIONING_PROFILE_SPECIFIER = "";
				SWIFT_VERSION = 4.0;
			};
			name = Debug;
		};
		544138F62004D27A00A64CB2 /* Release */ = {
			isa = XCBuildConfiguration;
			buildSettings = {
				ASSETCATALOG_COMPILER_APPICON_NAME = AppIcon;
				CLANG_ENABLE_MODULES = YES;
				CODE_SIGN_IDENTITY = "Mac Developer";
				CODE_SIGN_STYLE = Automatic;
				COMBINE_HIDPI_IMAGES = YES;
				DEVELOPMENT_TEAM = E5EXHV7YGE;
				FRAMEWORK_SEARCH_PATHS = (
					"$(inherited)",
					"$(PROJECT_DIR)",
					"$(PROJECT_DIR)/Carthage/Build/Mac",
				);
				INFOPLIST_FILE = SAAOSX/Info.plist;
				LD_RUNPATH_SEARCH_PATHS = "$(inherited) @executable_path/../Frameworks";
				PRODUCT_BUNDLE_IDENTIFIER = com.ckprivate.2017.SAAOSX;
				PRODUCT_NAME = "$(TARGET_NAME)";
				PROVISIONING_PROFILE_SPECIFIER = "";
				SWIFT_VERSION = 4.0;
			};
			name = Release;
		};
		544138F82004D27A00A64CB2 /* Debug */ = {
			isa = XCBuildConfiguration;
			buildSettings = {
				ALWAYS_EMBED_SWIFT_STANDARD_LIBRARIES = YES;
				BUNDLE_LOADER = "$(TEST_HOST)";
				CODE_SIGN_STYLE = Automatic;
				COMBINE_HIDPI_IMAGES = YES;
				DEVELOPMENT_TEAM = E5EXHV7YGE;
				INFOPLIST_FILE = SAAOSXTests/Info.plist;
				LD_RUNPATH_SEARCH_PATHS = "$(inherited) @executable_path/../Frameworks @loader_path/../Frameworks";
				PRODUCT_BUNDLE_IDENTIFIER = com.ckprivate.2017.SAAOSXTests;
				PRODUCT_NAME = "$(TARGET_NAME)";
				SWIFT_VERSION = 4.0;
				TEST_HOST = "$(BUILT_PRODUCTS_DIR)/SAAOSX.app/Contents/MacOS/SAAOSX";
			};
			name = Debug;
		};
		544138F92004D27A00A64CB2 /* Release */ = {
			isa = XCBuildConfiguration;
			buildSettings = {
				ALWAYS_EMBED_SWIFT_STANDARD_LIBRARIES = YES;
				BUNDLE_LOADER = "$(TEST_HOST)";
				CODE_SIGN_STYLE = Automatic;
				COMBINE_HIDPI_IMAGES = YES;
				DEVELOPMENT_TEAM = E5EXHV7YGE;
				INFOPLIST_FILE = SAAOSXTests/Info.plist;
				LD_RUNPATH_SEARCH_PATHS = "$(inherited) @executable_path/../Frameworks @loader_path/../Frameworks";
				PRODUCT_BUNDLE_IDENTIFIER = com.ckprivate.2017.SAAOSXTests;
				PRODUCT_NAME = "$(TARGET_NAME)";
				SWIFT_VERSION = 4.0;
				TEST_HOST = "$(BUILT_PRODUCTS_DIR)/SAAOSX.app/Contents/MacOS/SAAOSX";
			};
			name = Release;
		};
		5498CAE9204EAF63004C774A /* Debug */ = {
			isa = XCBuildConfiguration;
			buildSettings = {
				ASSETCATALOG_COMPILER_APPICON_NAME = AppIcon;
				CODE_SIGN_IDENTITY = "iPhone Developer";
				CODE_SIGN_STYLE = Automatic;
				DEVELOPMENT_TEAM = E5EXHV7YGE;
				FRAMEWORK_SEARCH_PATHS = (
					"$(BUILT_PRODUCTS_DIR)/",
					"$(PROJECT_DIR)/Carthage/Build/iOS",
				);
				INFOPLIST_FILE = SAAiOS/Info.plist;
				IPHONEOS_DEPLOYMENT_TARGET = 11.3;
				LD_RUNPATH_SEARCH_PATHS = "$(inherited) @executable_path/Frameworks";
				PRODUCT_BUNDLE_IDENTIFIER = com.ckprivate.2018.SAAiOS;
				PRODUCT_NAME = "$(TARGET_NAME)";
				SDKROOT = iphoneos;
				SWIFT_VERSION = 4.0;
				TARGETED_DEVICE_FAMILY = "1,2";
			};
			name = Debug;
		};
		5498CAEA204EAF63004C774A /* Release */ = {
			isa = XCBuildConfiguration;
			buildSettings = {
				ASSETCATALOG_COMPILER_APPICON_NAME = AppIcon;
				CODE_SIGN_IDENTITY = "iPhone Developer";
				CODE_SIGN_STYLE = Automatic;
				DEVELOPMENT_TEAM = E5EXHV7YGE;
				FRAMEWORK_SEARCH_PATHS = (
					"$(BUILT_PRODUCTS_DIR)/",
					"$(PROJECT_DIR)/Carthage/Build/iOS",
				);
				INFOPLIST_FILE = SAAiOS/Info.plist;
				IPHONEOS_DEPLOYMENT_TARGET = 11.3;
				LD_RUNPATH_SEARCH_PATHS = "$(inherited) @executable_path/Frameworks";
				PRODUCT_BUNDLE_IDENTIFIER = com.ckprivate.2018.SAAiOS;
				PRODUCT_NAME = "$(TARGET_NAME)";
				SDKROOT = iphoneos;
				SWIFT_VERSION = 4.0;
				TARGETED_DEVICE_FAMILY = "1,2";
				VALIDATE_PRODUCT = YES;
			};
			name = Release;
		};
/* End XCBuildConfiguration section */

/* Begin XCConfigurationList section */
		544138D42004D27A00A64CB2 /* Build configuration list for PBXProject "SAAOSX" */ = {
			isa = XCConfigurationList;
			buildConfigurations = (
				544138F22004D27A00A64CB2 /* Debug */,
				544138F32004D27A00A64CB2 /* Release */,
			);
			defaultConfigurationIsVisible = 0;
			defaultConfigurationName = Release;
		};
		544138F42004D27A00A64CB2 /* Build configuration list for PBXNativeTarget "SAAOSX" */ = {
			isa = XCConfigurationList;
			buildConfigurations = (
				544138F52004D27A00A64CB2 /* Debug */,
				544138F62004D27A00A64CB2 /* Release */,
			);
			defaultConfigurationIsVisible = 0;
			defaultConfigurationName = Release;
		};
		544138F72004D27A00A64CB2 /* Build configuration list for PBXNativeTarget "SAAOSXTests" */ = {
			isa = XCConfigurationList;
			buildConfigurations = (
				544138F82004D27A00A64CB2 /* Debug */,
				544138F92004D27A00A64CB2 /* Release */,
			);
			defaultConfigurationIsVisible = 0;
			defaultConfigurationName = Release;
		};
		5498CAEB204EAF63004C774A /* Build configuration list for PBXNativeTarget "SAAiOS" */ = {
			isa = XCConfigurationList;
			buildConfigurations = (
				5498CAE9204EAF63004C774A /* Debug */,
				5498CAEA204EAF63004C774A /* Release */,
			);
			defaultConfigurationIsVisible = 0;
			defaultConfigurationName = Release;
		};
/* End XCConfigurationList section */
	};
	rootObject = 544138D12004D27A00A64CB2 /* Project object */;
}
